
Microsoft Visual Studio Solution File, Format Version 12.00
# Visual Studio Version 17
VisualStudioVersion = 17.2.32526.322
MinimumVisualStudioVersion = 10.0.40219.1
Project("{FAE04EC0-301F-11D3-BF4B-00C04F79EFBC}") = "Assignment2.Server", "Server\Assignment2.Server.csproj", "{3C11AAF0-36E1-42F4-80B9-3DC9F165CE65}"
EndProject
Project("{FAE04EC0-301F-11D3-BF4B-00C04F79EFBC}") = "Assignment2.Client", "Client\Assignment2.Client.csproj", "{3692D5EE-9356-458E-9CD3-BC8897A73AC8}"
EndProject
Project("{FAE04EC0-301F-11D3-BF4B-00C04F79EFBC}") = "Assignment2.Shared", "Shared\Assignment2.Shared.csproj", "{61E39BF5-2493-4BDB-B193-4A146FBA81D3}"
EndProject
Global
	GlobalSection(SolutionConfigurationPlatforms) = preSolution
		Debug|Any CPU = Debug|Any CPU
		Release|Any CPU = Release|Any CPU
	EndGlobalSection
	GlobalSection(ProjectConfigurationPlatforms) = postSolution
		{3C11AAF0-36E1-42F4-80B9-3DC9F165CE65}.Debug|Any CPU.ActiveCfg = Debug|Any CPU
		{3C11AAF0-36E1-42F4-80B9-3DC9F165CE65}.Debug|Any CPU.Build.0 = Debug|Any CPU
		{3C11AAF0-36E1-42F4-80B9-3DC9F165CE65}.Release|Any CPU.ActiveCfg = Release|Any CPU
		{3C11AAF0-36E1-42F4-80B9-3DC9F165CE65}.Release|Any CPU.Build.0 = Release|Any CPU
		{3692D5EE-9356-458E-9CD3-BC8897A73AC8}.Debug|Any CPU.ActiveCfg = Debug|Any CPU
		{3692D5EE-9356-458E-9CD3-BC8897A73AC8}.Debug|Any CPU.Build.0 = Debug|Any CPU
		{3692D5EE-9356-458E-9CD3-BC8897A73AC8}.Release|Any CPU.ActiveCfg = Release|Any CPU
		{3692D5EE-9356-458E-9CD3-BC8897A73AC8}.Release|Any CPU.Build.0 = Release|Any CPU
		{61E39BF5-2493-4BDB-B193-4A146FBA81D3}.Debug|Any CPU.ActiveCfg = Debug|Any CPU
		{61E39BF5-2493-4BDB-B193-4A146FBA81D3}.Debug|Any CPU.Build.0 = Debug|Any CPU
		{61E39BF5-2493-4BDB-B193-4A146FBA81D3}.Release|Any CPU.ActiveCfg = Release|Any CPU
		{61E39BF5-2493-4BDB-B193-4A146FBA81D3}.Release|Any CPU.Build.0 = Release|Any CPU
	EndGlobalSection
	GlobalSection(SolutionProperties) = preSolution
		HideSolutionNode = FALSE
	EndGlobalSection
	GlobalSection(ExtensibilityGlobals) = postSolution
		SolutionGuid = {0E84BBCB-0141-4AF1-8973-09A2CED3ABAB}
	EndGlobalSection
EndGlobal
