
Microsoft Visual Studio Solution File, Format Version 12.00
# Visual Studio Version 17
VisualStudioVersion = 17.2.32526.322
MinimumVisualStudioVersion = 10.0.40219.1
Project("{FAE04EC0-301F-11D3-BF4B-00C04F79EFBC}") = "VertechWebApi", "VertechWebApi.csproj", "{A03B5661-69DB-4802-852B-128250A46094}"
EndProject
Global
	GlobalSection(SolutionConfigurationPlatforms) = preSolution
		Debug|Any CPU = Debug|Any CPU
		Release|Any CPU = Release|Any CPU
	EndGlobalSection
	GlobalSection(ProjectConfigurationPlatforms) = postSolution
		{A03B5661-69DB-4802-852B-128250A46094}.Debug|Any CPU.ActiveCfg = Debug|Any CPU
		{A03B5661-69DB-4802-852B-128250A46094}.Debug|Any CPU.Build.0 = Debug|Any CPU
		{A03B5661-69DB-4802-852B-128250A46094}.Release|Any CPU.ActiveCfg = Release|Any CPU
		{A03B5661-69DB-4802-852B-128250A46094}.Release|Any CPU.Build.0 = Release|Any CPU
	EndGlobalSection
	GlobalSection(SolutionProperties) = preSolution
		HideSolutionNode = FALSE
	EndGlobalSection
	GlobalSection(ExtensibilityGlobals) = postSolution
		SolutionGuid = {02CC1011-AE7C-4F81-8EA1-F1D505D2E501}
	EndGlobalSection
EndGlobal
